
Microsoft Visual Studio Solution File, Format Version 12.00
# Visual Studio Version 16
VisualStudioVersion = 16.0.31129.286
MinimumVisualStudioVersion = 10.0.40219.1
Project("{FAE04EC0-301F-11D3-BF4B-00C04F79EFBC}") = "BigSchool02", "BigSchool02\BigSchool02.csproj", "{361707A6-9655-445D-B047-B85746E0694C}"
EndProject
Global
	GlobalSection(SolutionConfigurationPlatforms) = preSolution
		Debug|Any CPU = Debug|Any CPU
		Release|Any CPU = Release|Any CPU
	EndGlobalSection
	GlobalSection(ProjectConfigurationPlatforms) = postSolution
		{361707A6-9655-445D-B047-B85746E0694C}.Debug|Any CPU.ActiveCfg = Debug|Any CPU
		{361707A6-9655-445D-B047-B85746E0694C}.Debug|Any CPU.Build.0 = Debug|Any CPU
		{361707A6-9655-445D-B047-B85746E0694C}.Release|Any CPU.ActiveCfg = Release|Any CPU
		{361707A6-9655-445D-B047-B85746E0694C}.Release|Any CPU.Build.0 = Release|Any CPU
	EndGlobalSection
	GlobalSection(SolutionProperties) = preSolution
		HideSolutionNode = FALSE
	EndGlobalSection
	GlobalSection(ExtensibilityGlobals) = postSolution
		SolutionGuid = {A2FD3F1B-CF6B-41CA-951E-236FF0E4D405}
	EndGlobalSection
EndGlobal
